// !$*UTF8*$!
{
	archiveVersion = 1;
	classes = {
	};
	objectVersion = 46;
	objects = {

/* Begin PBXBuildFile section */
		8509921E951DE8C59706F762 /* Pods_Swift_Wing.framework in Frameworks */ = {isa = PBXBuildFile; fileRef = 1A5F252C874C7944C0680CD0 /* Pods_Swift_Wing.framework */; };
		B32677971E06EDE2000F1BE9 /* AppDelegate.swift in Sources */ = {isa = PBXBuildFile; fileRef = B32677961E06EDE2000F1BE9 /* AppDelegate.swift */; };
		B326779C1E06EDE2000F1BE9 /* Main.storyboard in Resources */ = {isa = PBXBuildFile; fileRef = B326779A1E06EDE2000F1BE9 /* Main.storyboard */; };
		B326779E1E06EDE2000F1BE9 /* Assets.xcassets in Resources */ = {isa = PBXBuildFile; fileRef = B326779D1E06EDE2000F1BE9 /* Assets.xcassets */; };
		B32677A11E06EDE2000F1BE9 /* LaunchScreen.storyboard in Resources */ = {isa = PBXBuildFile; fileRef = B326779F1E06EDE2000F1BE9 /* LaunchScreen.storyboard */; };
		B32677AC1E06EDE2000F1BE9 /* Swift_WingTests.swift in Sources */ = {isa = PBXBuildFile; fileRef = B32677AB1E06EDE2000F1BE9 /* Swift_WingTests.swift */; };
		B32677B71E06EDE2000F1BE9 /* Swift_WingUITests.swift in Sources */ = {isa = PBXBuildFile; fileRef = B32677B61E06EDE2000F1BE9 /* Swift_WingUITests.swift */; };
		B373AA9B1E0701D3005621FA /* SWAPIDateStore.swift in Sources */ = {isa = PBXBuildFile; fileRef = B373AA9A1E0701D3005621FA /* SWAPIDateStore.swift */; };
		B373AAAB1E072B3C005621FA /* SWPeople.swift in Sources */ = {isa = PBXBuildFile; fileRef = B373AAAA1E072B3C005621FA /* SWPeople.swift */; };
		B373AAAD1E072E08005621FA /* SWPerson.swift in Sources */ = {isa = PBXBuildFile; fileRef = B373AAAC1E072E08005621FA /* SWPerson.swift */; };
		B3E1439B1E19E760000252C5 /* PeopleViewController.swift in Sources */ = {isa = PBXBuildFile; fileRef = B3E1439A1E19E760000252C5 /* PeopleViewController.swift */; };
		B3EED5BE1E1881B000ECADE8 /* SWRoot.swift in Sources */ = {isa = PBXBuildFile; fileRef = B3EED5BD1E1881B000ECADE8 /* SWRoot.swift */; };
		B3F205B31E19869500B546ED /* RootViewController.swift in Sources */ = {isa = PBXBuildFile; fileRef = B3F205B21E19869500B546ED /* RootViewController.swift */; };
		B3F205B51E198A0100B546ED /* RootViewViewModel.swift in Sources */ = {isa = PBXBuildFile; fileRef = B3F205B41E198A0100B546ED /* RootViewViewModel.swift */; };
		B3F205B91E198A8400B546ED /* RootTableViewCell.swift in Sources */ = {isa = PBXBuildFile; fileRef = B3F205B81E198A8400B546ED /* RootTableViewCell.swift */; };
		B3F205BB1E198B6900B546ED /* RootTableViewCell.xib in Resources */ = {isa = PBXBuildFile; fileRef = B3F205BA1E198B6900B546ED /* RootTableViewCell.xib */; };
/* End PBXBuildFile section */

/* Begin PBXContainerItemProxy section */
		B32677A81E06EDE2000F1BE9 /* PBXContainerItemProxy */ = {
			isa = PBXContainerItemProxy;
			containerPortal = B326778B1E06EDE2000F1BE9 /* Project object */;
			proxyType = 1;
			remoteGlobalIDString = B32677921E06EDE2000F1BE9;
			remoteInfo = "Swift-Wing";
		};
		B32677B31E06EDE2000F1BE9 /* PBXContainerItemProxy */ = {
			isa = PBXContainerItemProxy;
			containerPortal = B326778B1E06EDE2000F1BE9 /* Project object */;
			proxyType = 1;
			remoteGlobalIDString = B32677921E06EDE2000F1BE9;
			remoteInfo = "Swift-Wing";
		};
/* End PBXContainerItemProxy section */

/* Begin PBXFileReference section */
		1A5F252C874C7944C0680CD0 /* Pods_Swift_Wing.framework */ = {isa = PBXFileReference; explicitFileType = wrapper.framework; includeInIndex = 0; path = Pods_Swift_Wing.framework; sourceTree = BUILT_PRODUCTS_DIR; };
		B32677931E06EDE2000F1BE9 /* Swift-Wing.app */ = {isa = PBXFileReference; explicitFileType = wrapper.application; includeInIndex = 0; path = "Swift-Wing.app"; sourceTree = BUILT_PRODUCTS_DIR; };
		B32677961E06EDE2000F1BE9 /* AppDelegate.swift */ = {isa = PBXFileReference; lastKnownFileType = sourcecode.swift; path = AppDelegate.swift; sourceTree = "<group>"; };
		B326779B1E06EDE2000F1BE9 /* Base */ = {isa = PBXFileReference; lastKnownFileType = file.storyboard; name = Base; path = Base.lproj/Main.storyboard; sourceTree = "<group>"; };
		B326779D1E06EDE2000F1BE9 /* Assets.xcassets */ = {isa = PBXFileReference; lastKnownFileType = folder.assetcatalog; path = Assets.xcassets; sourceTree = "<group>"; };
		B32677A01E06EDE2000F1BE9 /* Base */ = {isa = PBXFileReference; lastKnownFileType = file.storyboard; name = Base; path = Base.lproj/LaunchScreen.storyboard; sourceTree = "<group>"; };
		B32677A21E06EDE2000F1BE9 /* Info.plist */ = {isa = PBXFileReference; lastKnownFileType = text.plist.xml; path = Info.plist; sourceTree = "<group>"; };
		B32677A71E06EDE2000F1BE9 /* Swift-WingTests.xctest */ = {isa = PBXFileReference; explicitFileType = wrapper.cfbundle; includeInIndex = 0; path = "Swift-WingTests.xctest"; sourceTree = BUILT_PRODUCTS_DIR; };
		B32677AB1E06EDE2000F1BE9 /* Swift_WingTests.swift */ = {isa = PBXFileReference; lastKnownFileType = sourcecode.swift; path = Swift_WingTests.swift; sourceTree = "<group>"; };
		B32677AD1E06EDE2000F1BE9 /* Info.plist */ = {isa = PBXFileReference; lastKnownFileType = text.plist.xml; path = Info.plist; sourceTree = "<group>"; };
		B32677B21E06EDE2000F1BE9 /* Swift-WingUITests.xctest */ = {isa = PBXFileReference; explicitFileType = wrapper.cfbundle; includeInIndex = 0; path = "Swift-WingUITests.xctest"; sourceTree = BUILT_PRODUCTS_DIR; };
		B32677B61E06EDE2000F1BE9 /* Swift_WingUITests.swift */ = {isa = PBXFileReference; lastKnownFileType = sourcecode.swift; path = Swift_WingUITests.swift; sourceTree = "<group>"; };
		B32677B81E06EDE2000F1BE9 /* Info.plist */ = {isa = PBXFileReference; lastKnownFileType = text.plist.xml; path = Info.plist; sourceTree = "<group>"; };
		B373AA9A1E0701D3005621FA /* SWAPIDateStore.swift */ = {isa = PBXFileReference; fileEncoding = 4; lastKnownFileType = sourcecode.swift; name = SWAPIDateStore.swift; path = "SWAPI Wrapper/Data Store/SWAPIDateStore.swift"; sourceTree = "<group>"; };
		B373AAAA1E072B3C005621FA /* SWPeople.swift */ = {isa = PBXFileReference; fileEncoding = 4; lastKnownFileType = sourcecode.swift; name = SWPeople.swift; path = "SWAPI Wrapper/SW Model Objects/SWPeople.swift"; sourceTree = "<group>"; };
		B373AAAC1E072E08005621FA /* SWPerson.swift */ = {isa = PBXFileReference; fileEncoding = 4; lastKnownFileType = sourcecode.swift; path = SWPerson.swift; sourceTree = "<group>"; };
		B3E1439A1E19E760000252C5 /* PeopleViewController.swift */ = {isa = PBXFileReference; fileEncoding = 4; lastKnownFileType = sourcecode.swift; name = PeopleViewController.swift; path = "Controllers/People View Controller/PeopleViewController.swift"; sourceTree = "<group>"; };
		B3EED5BD1E1881B000ECADE8 /* SWRoot.swift */ = {isa = PBXFileReference; fileEncoding = 4; lastKnownFileType = sourcecode.swift; path = SWRoot.swift; sourceTree = "<group>"; };
		B3F205B21E19869500B546ED /* RootViewController.swift */ = {isa = PBXFileReference; fileEncoding = 4; lastKnownFileType = sourcecode.swift; name = RootViewController.swift; path = "Controllers/Root View Controller/RootViewController.swift"; sourceTree = "<group>"; };
		B3F205B41E198A0100B546ED /* RootViewViewModel.swift */ = {isa = PBXFileReference; fileEncoding = 4; lastKnownFileType = sourcecode.swift; name = RootViewViewModel.swift; path = "Controllers/Root View Controller/View Model/RootViewViewModel.swift"; sourceTree = "<group>"; };
		B3F205B81E198A8400B546ED /* RootTableViewCell.swift */ = {isa = PBXFileReference; fileEncoding = 4; lastKnownFileType = sourcecode.swift; name = RootTableViewCell.swift; path = "Controllers/Root View Controller/Table View Cell/RootTableViewCell.swift"; sourceTree = "<group>"; };
		B3F205BA1E198B6900B546ED /* RootTableViewCell.xib */ = {isa = PBXFileReference; fileEncoding = 4; lastKnownFileType = file.xib; name = RootTableViewCell.xib; path = "Controllers/Root View Controller/Table View Cell/RootTableViewCell.xib"; sourceTree = "<group>"; };
		F59984A7E5DCB8F843503B12 /* Pods-Swift-Wing.debug.xcconfig */ = {isa = PBXFileReference; includeInIndex = 1; lastKnownFileType = text.xcconfig; name = "Pods-Swift-Wing.debug.xcconfig"; path = "Pods/Target Support Files/Pods-Swift-Wing/Pods-Swift-Wing.debug.xcconfig"; sourceTree = "<group>"; };
		FB694050D3F30413671ADE60 /* Pods-Swift-Wing.release.xcconfig */ = {isa = PBXFileReference; includeInIndex = 1; lastKnownFileType = text.xcconfig; name = "Pods-Swift-Wing.release.xcconfig"; path = "Pods/Target Support Files/Pods-Swift-Wing/Pods-Swift-Wing.release.xcconfig"; sourceTree = "<group>"; };
/* End PBXFileReference section */

/* Begin PBXFrameworksBuildPhase section */
		B32677901E06EDE2000F1BE9 /* Frameworks */ = {
			isa = PBXFrameworksBuildPhase;
			buildActionMask = 2147483647;
			files = (
				8509921E951DE8C59706F762 /* Pods_Swift_Wing.framework in Frameworks */,
			);
			runOnlyForDeploymentPostprocessing = 0;
		};
		B32677A41E06EDE2000F1BE9 /* Frameworks */ = {
			isa = PBXFrameworksBuildPhase;
			buildActionMask = 2147483647;
			files = (
			);
			runOnlyForDeploymentPostprocessing = 0;
		};
		B32677AF1E06EDE2000F1BE9 /* Frameworks */ = {
			isa = PBXFrameworksBuildPhase;
			buildActionMask = 2147483647;
			files = (
			);
			runOnlyForDeploymentPostprocessing = 0;
		};
/* End PBXFrameworksBuildPhase section */

/* Begin PBXGroup section */
		7DFD5CF81B0C97933D530655 /* Pods */ = {
			isa = PBXGroup;
			children = (
				F59984A7E5DCB8F843503B12 /* Pods-Swift-Wing.debug.xcconfig */,
				FB694050D3F30413671ADE60 /* Pods-Swift-Wing.release.xcconfig */,
			);
			name = Pods;
			sourceTree = "<group>";
		};
		B326778A1E06EDE2000F1BE9 = {
			isa = PBXGroup;
			children = (
				B32677951E06EDE2000F1BE9 /* Swift-Wing */,
				B32677AA1E06EDE2000F1BE9 /* Swift-WingTests */,
				B32677B51E06EDE2000F1BE9 /* Swift-WingUITests */,
				B32677941E06EDE2000F1BE9 /* Products */,
				7DFD5CF81B0C97933D530655 /* Pods */,
				D7B0DB9D1DC68BC3D0469CFE /* Frameworks */,
			);
			sourceTree = "<group>";
		};
		B32677941E06EDE2000F1BE9 /* Products */ = {
			isa = PBXGroup;
			children = (
				B32677931E06EDE2000F1BE9 /* Swift-Wing.app */,
				B32677A71E06EDE2000F1BE9 /* Swift-WingTests.xctest */,
				B32677B21E06EDE2000F1BE9 /* Swift-WingUITests.xctest */,
			);
			name = Products;
			sourceTree = "<group>";
		};
		B32677951E06EDE2000F1BE9 /* Swift-Wing */ = {
			isa = PBXGroup;
			children = (
				B373AA951E06FBCB005621FA /* SWAPI Wrapper */,
				B32677961E06EDE2000F1BE9 /* AppDelegate.swift */,
				B326779A1E06EDE2000F1BE9 /* Main.storyboard */,
				B326779D1E06EDE2000F1BE9 /* Assets.xcassets */,
				B326779F1E06EDE2000F1BE9 /* LaunchScreen.storyboard */,
				B32677A21E06EDE2000F1BE9 /* Info.plist */,
			);
			path = "Swift-Wing";
			sourceTree = "<group>";
		};
		B32677AA1E06EDE2000F1BE9 /* Swift-WingTests */ = {
			isa = PBXGroup;
			children = (
				B32677AB1E06EDE2000F1BE9 /* Swift_WingTests.swift */,
				B32677AD1E06EDE2000F1BE9 /* Info.plist */,
			);
			path = "Swift-WingTests";
			sourceTree = "<group>";
		};
		B32677B51E06EDE2000F1BE9 /* Swift-WingUITests */ = {
			isa = PBXGroup;
			children = (
				B32677B61E06EDE2000F1BE9 /* Swift_WingUITests.swift */,
				B32677B81E06EDE2000F1BE9 /* Info.plist */,
			);
			path = "Swift-WingUITests";
			sourceTree = "<group>";
		};
		B373AA951E06FBCB005621FA /* SWAPI Wrapper */ = {
			isa = PBXGroup;
			children = (
				B3EED5BF1E18A2C900ECADE8 /* Controllers */,
				B373AA991E06FC06005621FA /* SW Model Objets */,
				B373AA981E06FBFA005621FA /* Data Store */,
			);
			name = "SWAPI Wrapper";
			sourceTree = "<group>";
		};
		B373AA981E06FBFA005621FA /* Data Store */ = {
			isa = PBXGroup;
			children = (
				B373AA9A1E0701D3005621FA /* SWAPIDateStore.swift */,
			);
			name = "Data Store";
			sourceTree = "<group>";
		};
		B373AA991E06FC06005621FA /* SW Model Objets */ = {
			isa = PBXGroup;
			children = (
				B373AAAA1E072B3C005621FA /* SWPeople.swift */,
				B373AAAC1E072E08005621FA /* SWPerson.swift */,
				B3EED5BD1E1881B000ECADE8 /* SWRoot.swift */,
			);
			name = "SW Model Objets";
			sourceTree = "<group>";
		};
		B3E1439C1E19E76B000252C5 /* View Model */ = {
			isa = PBXGroup;
			children = (
			);
			name = "View Model";
			sourceTree = "<group>";
		};
		B3E1439D1E19EE39000252C5 /* CollectionViewCell */ = {
			isa = PBXGroup;
			children = (
			);
			name = CollectionViewCell;
			sourceTree = "<group>";
		};
		B3EED5BF1E18A2C900ECADE8 /* Controllers */ = {
			isa = PBXGroup;
			children = (
				B3F205B71E198A6400B546ED /* People View Controller */,
				B3F205B11E1985F800B546ED /* Root View Controller */,
			);
			name = Controllers;
			sourceTree = "<group>";
		};
		B3EED5C01E18A2D100ECADE8 /* View Model */ = {
			isa = PBXGroup;
			children = (
				B3F205B41E198A0100B546ED /* RootViewViewModel.swift */,
			);
			name = "View Model";
			sourceTree = "<group>";
		};
		B3F205B01E19855B00B546ED /* Table View Cell */ = {
			isa = PBXGroup;
			children = (
				B3F205B81E198A8400B546ED /* RootTableViewCell.swift */,
				B3F205BA1E198B6900B546ED /* RootTableViewCell.xib */,
			);
			name = "Table View Cell";
			sourceTree = "<group>";
		};
		B3F205B11E1985F800B546ED /* Root View Controller */ = {
			isa = PBXGroup;
			children = (
				B3F205B21E19869500B546ED /* RootViewController.swift */,
				B3EED5C01E18A2D100ECADE8 /* View Model */,
				B3F205B01E19855B00B546ED /* Table View Cell */,
			);
			name = "Root View Controller";
			sourceTree = "<group>";
		};
		B3F205B71E198A6400B546ED /* People View Controller */ = {
			isa = PBXGroup;
			children = (
				B3E1439A1E19E760000252C5 /* PeopleViewController.swift */,
				B3E1439C1E19E76B000252C5 /* View Model */,
				B3E1439D1E19EE39000252C5 /* CollectionViewCell */,
			);
			name = "People View Controller";
			sourceTree = "<group>";
		};
		D7B0DB9D1DC68BC3D0469CFE /* Frameworks */ = {
			isa = PBXGroup;
			children = (
				1A5F252C874C7944C0680CD0 /* Pods_Swift_Wing.framework */,
			);
			name = Frameworks;
			sourceTree = "<group>";
		};
/* End PBXGroup section */

/* Begin PBXNativeTarget section */
		B32677921E06EDE2000F1BE9 /* Swift-Wing */ = {
			isa = PBXNativeTarget;
			buildConfigurationList = B32677BB1E06EDE2000F1BE9 /* Build configuration list for PBXNativeTarget "Swift-Wing" */;
			buildPhases = (
				8BF0C43D5741E47E7EC2DC72 /* [CP] Check Pods Manifest.lock */,
				B326778F1E06EDE2000F1BE9 /* Sources */,
				B32677901E06EDE2000F1BE9 /* Frameworks */,
				B32677911E06EDE2000F1BE9 /* Resources */,
				00178B2878EF910B6938F8A1 /* [CP] Embed Pods Frameworks */,
				3ED5076FA41314E16C991779 /* [CP] Copy Pods Resources */,
			);
			buildRules = (
			);
			dependencies = (
			);
			name = "Swift-Wing";
			productName = "Swift-Wing";
			productReference = B32677931E06EDE2000F1BE9 /* Swift-Wing.app */;
			productType = "com.apple.product-type.application";
		};
		B32677A61E06EDE2000F1BE9 /* Swift-WingTests */ = {
			isa = PBXNativeTarget;
			buildConfigurationList = B32677BE1E06EDE2000F1BE9 /* Build configuration list for PBXNativeTarget "Swift-WingTests" */;
			buildPhases = (
				B32677A31E06EDE2000F1BE9 /* Sources */,
				B32677A41E06EDE2000F1BE9 /* Frameworks */,
				B32677A51E06EDE2000F1BE9 /* Resources */,
			);
			buildRules = (
			);
			dependencies = (
				B32677A91E06EDE2000F1BE9 /* PBXTargetDependency */,
			);
			name = "Swift-WingTests";
			productName = "Swift-WingTests";
			productReference = B32677A71E06EDE2000F1BE9 /* Swift-WingTests.xctest */;
			productType = "com.apple.product-type.bundle.unit-test";
		};
		B32677B11E06EDE2000F1BE9 /* Swift-WingUITests */ = {
			isa = PBXNativeTarget;
			buildConfigurationList = B32677C11E06EDE2000F1BE9 /* Build configuration list for PBXNativeTarget "Swift-WingUITests" */;
			buildPhases = (
				B32677AE1E06EDE2000F1BE9 /* Sources */,
				B32677AF1E06EDE2000F1BE9 /* Frameworks */,
				B32677B01E06EDE2000F1BE9 /* Resources */,
			);
			buildRules = (
			);
			dependencies = (
				B32677B41E06EDE2000F1BE9 /* PBXTargetDependency */,
			);
			name = "Swift-WingUITests";
			productName = "Swift-WingUITests";
			productReference = B32677B21E06EDE2000F1BE9 /* Swift-WingUITests.xctest */;
			productType = "com.apple.product-type.bundle.ui-testing";
		};
/* End PBXNativeTarget section */

/* Begin PBXProject section */
		B326778B1E06EDE2000F1BE9 /* Project object */ = {
			isa = PBXProject;
			attributes = {
				LastSwiftUpdateCheck = 0800;
				LastUpgradeCheck = 0800;
				ORGANIZATIONNAME = com.elerris;
				TargetAttributes = {
					B32677921E06EDE2000F1BE9 = {
						CreatedOnToolsVersion = 8.0;
						DevelopmentTeam = QSAA9UU3K4;
						ProvisioningStyle = Automatic;
					};
					B32677A61E06EDE2000F1BE9 = {
						CreatedOnToolsVersion = 8.0;
						DevelopmentTeam = QSAA9UU3K4;
						ProvisioningStyle = Automatic;
						TestTargetID = B32677921E06EDE2000F1BE9;
					};
					B32677B11E06EDE2000F1BE9 = {
						CreatedOnToolsVersion = 8.0;
						DevelopmentTeam = QSAA9UU3K4;
						ProvisioningStyle = Automatic;
						TestTargetID = B32677921E06EDE2000F1BE9;
					};
				};
			};
			buildConfigurationList = B326778E1E06EDE2000F1BE9 /* Build configuration list for PBXProject "Swift-Wing" */;
			compatibilityVersion = "Xcode 3.2";
			developmentRegion = English;
			hasScannedForEncodings = 0;
			knownRegions = (
				en,
				Base,
			);
			mainGroup = B326778A1E06EDE2000F1BE9;
			productRefGroup = B32677941E06EDE2000F1BE9 /* Products */;
			projectDirPath = "";
			projectRoot = "";
			targets = (
				B32677921E06EDE2000F1BE9 /* Swift-Wing */,
				B32677A61E06EDE2000F1BE9 /* Swift-WingTests */,
				B32677B11E06EDE2000F1BE9 /* Swift-WingUITests */,
			);
		};
/* End PBXProject section */

/* Begin PBXResourcesBuildPhase section */
		B32677911E06EDE2000F1BE9 /* Resources */ = {
			isa = PBXResourcesBuildPhase;
			buildActionMask = 2147483647;
			files = (
				B32677A11E06EDE2000F1BE9 /* LaunchScreen.storyboard in Resources */,
				B3F205BB1E198B6900B546ED /* RootTableViewCell.xib in Resources */,
				B326779E1E06EDE2000F1BE9 /* Assets.xcassets in Resources */,
				B326779C1E06EDE2000F1BE9 /* Main.storyboard in Resources */,
			);
			runOnlyForDeploymentPostprocessing = 0;
		};
		B32677A51E06EDE2000F1BE9 /* Resources */ = {
			isa = PBXResourcesBuildPhase;
			buildActionMask = 2147483647;
			files = (
			);
			runOnlyForDeploymentPostprocessing = 0;
		};
		B32677B01E06EDE2000F1BE9 /* Resources */ = {
			isa = PBXResourcesBuildPhase;
			buildActionMask = 2147483647;
			files = (
			);
			runOnlyForDeploymentPostprocessing = 0;
		};
/* End PBXResourcesBuildPhase section */

/* Begin PBXShellScriptBuildPhase section */
		00178B2878EF910B6938F8A1 /* [CP] Embed Pods Frameworks */ = {
			isa = PBXShellScriptBuildPhase;
			buildActionMask = 2147483647;
			files = (
			);
			inputPaths = (
			);
			name = "[CP] Embed Pods Frameworks";
			outputPaths = (
			);
			runOnlyForDeploymentPostprocessing = 0;
			shellPath = /bin/sh;
			shellScript = "\"${SRCROOT}/Pods/Target Support Files/Pods-Swift-Wing/Pods-Swift-Wing-frameworks.sh\"\n";
			showEnvVarsInLog = 0;
		};
		3ED5076FA41314E16C991779 /* [CP] Copy Pods Resources */ = {
			isa = PBXShellScriptBuildPhase;
			buildActionMask = 2147483647;
			files = (
			);
			inputPaths = (
			);
			name = "[CP] Copy Pods Resources";
			outputPaths = (
			);
			runOnlyForDeploymentPostprocessing = 0;
			shellPath = /bin/sh;
			shellScript = "\"${SRCROOT}/Pods/Target Support Files/Pods-Swift-Wing/Pods-Swift-Wing-resources.sh\"\n";
			showEnvVarsInLog = 0;
		};
		8BF0C43D5741E47E7EC2DC72 /* [CP] Check Pods Manifest.lock */ = {
			isa = PBXShellScriptBuildPhase;
			buildActionMask = 2147483647;
			files = (
			);
			inputPaths = (
			);
			name = "[CP] Check Pods Manifest.lock";
			outputPaths = (
			);
			runOnlyForDeploymentPostprocessing = 0;
			shellPath = /bin/sh;
			shellScript = "diff \"${PODS_ROOT}/../Podfile.lock\" \"${PODS_ROOT}/Manifest.lock\" > /dev/null\nif [ $? != 0 ] ; then\n    # print error to STDERR\n    echo \"error: The sandbox is not in sync with the Podfile.lock. Run 'pod install' or update your CocoaPods installation.\" >&2\n    exit 1\nfi\n";
			showEnvVarsInLog = 0;
		};
/* End PBXShellScriptBuildPhase section */

/* Begin PBXSourcesBuildPhase section */
		B326778F1E06EDE2000F1BE9 /* Sources */ = {
			isa = PBXSourcesBuildPhase;
			buildActionMask = 2147483647;
			files = (
				B373AAAD1E072E08005621FA /* SWPerson.swift in Sources */,
				B3F205B91E198A8400B546ED /* RootTableViewCell.swift in Sources */,
				B3EED5BE1E1881B000ECADE8 /* SWRoot.swift in Sources */,
				B3F205B31E19869500B546ED /* RootViewController.swift in Sources */,
				B373AA9B1E0701D3005621FA /* SWAPIDateStore.swift in Sources */,
				B3E1439B1E19E760000252C5 /* PeopleViewController.swift in Sources */,
				B3F205B51E198A0100B546ED /* RootViewViewModel.swift in Sources */,
				B373AAAB1E072B3C005621FA /* SWPeople.swift in Sources */,
				B32677971E06EDE2000F1BE9 /* AppDelegate.swift in Sources */,
			);
			runOnlyForDeploymentPostprocessing = 0;
		};
		B32677A31E06EDE2000F1BE9 /* Sources */ = {
			isa = PBXSourcesBuildPhase;
			buildActionMask = 2147483647;
			files = (
				B32677AC1E06EDE2000F1BE9 /* Swift_WingTests.swift in Sources */,
			);
			runOnlyForDeploymentPostprocessing = 0;
		};
		B32677AE1E06EDE2000F1BE9 /* Sources */ = {
			isa = PBXSourcesBuildPhase;
			buildActionMask = 2147483647;
			files = (
				B32677B71E06EDE2000F1BE9 /* Swift_WingUITests.swift in Sources */,
			);
			runOnlyForDeploymentPostprocessing = 0;
		};
/* End PBXSourcesBuildPhase section */

/* Begin PBXTargetDependency section */
		B32677A91E06EDE2000F1BE9 /* PBXTargetDependency */ = {
			isa = PBXTargetDependency;
			target = B32677921E06EDE2000F1BE9 /* Swift-Wing */;
			targetProxy = B32677A81E06EDE2000F1BE9 /* PBXContainerItemProxy */;
		};
		B32677B41E06EDE2000F1BE9 /* PBXTargetDependency */ = {
			isa = PBXTargetDependency;
			target = B32677921E06EDE2000F1BE9 /* Swift-Wing */;
			targetProxy = B32677B31E06EDE2000F1BE9 /* PBXContainerItemProxy */;
		};
/* End PBXTargetDependency section */

/* Begin PBXVariantGroup section */
		B326779A1E06EDE2000F1BE9 /* Main.storyboard */ = {
			isa = PBXVariantGroup;
			children = (
				B326779B1E06EDE2000F1BE9 /* Base */,
			);
			name = Main.storyboard;
			sourceTree = "<group>";
		};
		B326779F1E06EDE2000F1BE9 /* LaunchScreen.storyboard */ = {
			isa = PBXVariantGroup;
			children = (
				B32677A01E06EDE2000F1BE9 /* Base */,
			);
			name = LaunchScreen.storyboard;
			sourceTree = "<group>";
		};
/* End PBXVariantGroup section */

/* Begin XCBuildConfiguration section */
		B32677B91E06EDE2000F1BE9 /* Debug */ = {
			isa = XCBuildConfiguration;
			buildSettings = {
				ALWAYS_SEARCH_USER_PATHS = NO;
				CLANG_ANALYZER_NONNULL = YES;
				CLANG_CXX_LANGUAGE_STANDARD = "gnu++0x";
				CLANG_CXX_LIBRARY = "libc++";
				CLANG_ENABLE_MODULES = YES;
				CLANG_ENABLE_OBJC_ARC = YES;
				CLANG_WARN_BOOL_CONVERSION = YES;
				CLANG_WARN_CONSTANT_CONVERSION = YES;
				CLANG_WARN_DIRECT_OBJC_ISA_USAGE = YES_ERROR;
				CLANG_WARN_DOCUMENTATION_COMMENTS = YES;
				CLANG_WARN_EMPTY_BODY = YES;
				CLANG_WARN_ENUM_CONVERSION = YES;
				CLANG_WARN_INFINITE_RECURSION = YES;
				CLANG_WARN_INT_CONVERSION = YES;
				CLANG_WARN_OBJC_ROOT_CLASS = YES_ERROR;
				CLANG_WARN_SUSPICIOUS_MOVES = YES;
				CLANG_WARN_UNREACHABLE_CODE = YES;
				CLANG_WARN__DUPLICATE_METHOD_MATCH = YES;
				"CODE_SIGN_IDENTITY[sdk=iphoneos*]" = "iPhone Developer";
				COPY_PHASE_STRIP = NO;
				DEBUG_INFORMATION_FORMAT = dwarf;
				ENABLE_STRICT_OBJC_MSGSEND = YES;
				ENABLE_TESTABILITY = YES;
				GCC_C_LANGUAGE_STANDARD = gnu99;
				GCC_DYNAMIC_NO_PIC = NO;
				GCC_NO_COMMON_BLOCKS = YES;
				GCC_OPTIMIZATION_LEVEL = 0;
				GCC_PREPROCESSOR_DEFINITIONS = (
					"DEBUG=1",
					"$(inherited)",
				);
				GCC_WARN_64_TO_32_BIT_CONVERSION = YES;
				GCC_WARN_ABOUT_RETURN_TYPE = YES_ERROR;
				GCC_WARN_UNDECLARED_SELECTOR = YES;
				GCC_WARN_UNINITIALIZED_AUTOS = YES_AGGRESSIVE;
				GCC_WARN_UNUSED_FUNCTION = YES;
				GCC_WARN_UNUSED_VARIABLE = YES;
				IPHONEOS_DEPLOYMENT_TARGET = 10.0;
				MTL_ENABLE_DEBUG_INFO = YES;
				ONLY_ACTIVE_ARCH = YES;
				SDKROOT = iphoneos;
				SWIFT_ACTIVE_COMPILATION_CONDITIONS = DEBUG;
				SWIFT_OPTIMIZATION_LEVEL = "-Onone";
			};
			name = Debug;
		};
		B32677BA1E06EDE2000F1BE9 /* Release */ = {
			isa = XCBuildConfiguration;
			buildSettings = {
				ALWAYS_SEARCH_USER_PATHS = NO;
				CLANG_ANALYZER_NONNULL = YES;
				CLANG_CXX_LANGUAGE_STANDARD = "gnu++0x";
				CLANG_CXX_LIBRARY = "libc++";
				CLANG_ENABLE_MODULES = YES;
				CLANG_ENABLE_OBJC_ARC = YES;
				CLANG_WARN_BOOL_CONVERSION = YES;
				CLANG_WARN_CONSTANT_CONVERSION = YES;
				CLANG_WARN_DIRECT_OBJC_ISA_USAGE = YES_ERROR;
				CLANG_WARN_DOCUMENTATION_COMMENTS = YES;
				CLANG_WARN_EMPTY_BODY = YES;
				CLANG_WARN_ENUM_CONVERSION = YES;
				CLANG_WARN_INFINITE_RECURSION = YES;
				CLANG_WARN_INT_CONVERSION = YES;
				CLANG_WARN_OBJC_ROOT_CLASS = YES_ERROR;
				CLANG_WARN_SUSPICIOUS_MOVES = YES;
				CLANG_WARN_UNREACHABLE_CODE = YES;
				CLANG_WARN__DUPLICATE_METHOD_MATCH = YES;
				"CODE_SIGN_IDENTITY[sdk=iphoneos*]" = "iPhone Developer";
				COPY_PHASE_STRIP = NO;
				DEBUG_INFORMATION_FORMAT = "dwarf-with-dsym";
				ENABLE_NS_ASSERTIONS = NO;
				ENABLE_STRICT_OBJC_MSGSEND = YES;
				GCC_C_LANGUAGE_STANDARD = gnu99;
				GCC_NO_COMMON_BLOCKS = YES;
				GCC_WARN_64_TO_32_BIT_CONVERSION = YES;
				GCC_WARN_ABOUT_RETURN_TYPE = YES_ERROR;
				GCC_WARN_UNDECLARED_SELECTOR = YES;
				GCC_WARN_UNINITIALIZED_AUTOS = YES_AGGRESSIVE;
				GCC_WARN_UNUSED_FUNCTION = YES;
				GCC_WARN_UNUSED_VARIABLE = YES;
				IPHONEOS_DEPLOYMENT_TARGET = 10.0;
				MTL_ENABLE_DEBUG_INFO = NO;
				SDKROOT = iphoneos;
				SWIFT_OPTIMIZATION_LEVEL = "-Owholemodule";
				VALIDATE_PRODUCT = YES;
			};
			name = Release;
		};
		B32677BC1E06EDE2000F1BE9 /* Debug */ = {
			isa = XCBuildConfiguration;
			baseConfigurationReference = F59984A7E5DCB8F843503B12 /* Pods-Swift-Wing.debug.xcconfig */;
			buildSettings = {
				ASSETCATALOG_COMPILER_APPICON_NAME = AppIcon;
				DEVELOPMENT_TEAM = QSAA9UU3K4;
				INFOPLIST_FILE = "Swift-Wing/Info.plist";
				LD_RUNPATH_SEARCH_PATHS = "$(inherited) @executable_path/Frameworks";
				PRODUCT_BUNDLE_IDENTIFIER = "com.selerris.Swift-Wing";
				PRODUCT_NAME = "$(TARGET_NAME)";
				SWIFT_VERSION = 3.0;
			};
			name = Debug;
		};
		B32677BD1E06EDE2000F1BE9 /* Release */ = {
			isa = XCBuildConfiguration;
			baseConfigurationReference = FB694050D3F30413671ADE60 /* Pods-Swift-Wing.release.xcconfig */;
			buildSettings = {
				ASSETCATALOG_COMPILER_APPICON_NAME = AppIcon;
				DEVELOPMENT_TEAM = QSAA9UU3K4;
				INFOPLIST_FILE = "Swift-Wing/Info.plist";
				LD_RUNPATH_SEARCH_PATHS = "$(inherited) @executable_path/Frameworks";
				PRODUCT_BUNDLE_IDENTIFIER = "com.selerris.Swift-Wing";
				PRODUCT_NAME = "$(TARGET_NAME)";
				SWIFT_VERSION = 3.0;
			};
			name = Release;
		};
		B32677BF1E06EDE2000F1BE9 /* Debug */ = {
			isa = XCBuildConfiguration;
			buildSettings = {
				ALWAYS_EMBED_SWIFT_STANDARD_LIBRARIES = YES;
				BUNDLE_LOADER = "$(TEST_HOST)";
				DEVELOPMENT_TEAM = QSAA9UU3K4;
				INFOPLIST_FILE = "Swift-WingTests/Info.plist";
				LD_RUNPATH_SEARCH_PATHS = "$(inherited) @executable_path/Frameworks @loader_path/Frameworks";
				PRODUCT_BUNDLE_IDENTIFIER = "com.selerris.Swift-WingTests";
				PRODUCT_NAME = "$(TARGET_NAME)";
				SWIFT_VERSION = 3.0;
				TEST_HOST = "$(BUILT_PRODUCTS_DIR)/Swift-Wing.app/Swift-Wing";
			};
			name = Debug;
		};
		B32677C01E06EDE2000F1BE9 /* Release */ = {
			isa = XCBuildConfiguration;
			buildSettings = {
				ALWAYS_EMBED_SWIFT_STANDARD_LIBRARIES = YES;
				BUNDLE_LOADER = "$(TEST_HOST)";
				DEVELOPMENT_TEAM = QSAA9UU3K4;
				INFOPLIST_FILE = "Swift-WingTests/Info.plist";
				LD_RUNPATH_SEARCH_PATHS = "$(inherited) @executable_path/Frameworks @loader_path/Frameworks";
				PRODUCT_BUNDLE_IDENTIFIER = "com.selerris.Swift-WingTests";
				PRODUCT_NAME = "$(TARGET_NAME)";
				SWIFT_VERSION = 3.0;
				TEST_HOST = "$(BUILT_PRODUCTS_DIR)/Swift-Wing.app/Swift-Wing";
			};
			name = Release;
		};
		B32677C21E06EDE2000F1BE9 /* Debug */ = {
			isa = XCBuildConfiguration;
			buildSettings = {
				ALWAYS_EMBED_SWIFT_STANDARD_LIBRARIES = YES;
				DEVELOPMENT_TEAM = QSAA9UU3K4;
				INFOPLIST_FILE = "Swift-WingUITests/Info.plist";
				LD_RUNPATH_SEARCH_PATHS = "$(inherited) @executable_path/Frameworks @loader_path/Frameworks";
				PRODUCT_BUNDLE_IDENTIFIER = "com.selerris.Swift-WingUITests";
				PRODUCT_NAME = "$(TARGET_NAME)";
				SWIFT_VERSION = 3.0;
				TEST_TARGET_NAME = "Swift-Wing";
			};
			name = Debug;
		};
		B32677C31E06EDE2000F1BE9 /* Release */ = {
			isa = XCBuildConfiguration;
			buildSettings = {
				ALWAYS_EMBED_SWIFT_STANDARD_LIBRARIES = YES;
				DEVELOPMENT_TEAM = QSAA9UU3K4;
				INFOPLIST_FILE = "Swift-WingUITests/Info.plist";
				LD_RUNPATH_SEARCH_PATHS = "$(inherited) @executable_path/Frameworks @loader_path/Frameworks";
				PRODUCT_BUNDLE_IDENTIFIER = "com.selerris.Swift-WingUITests";
				PRODUCT_NAME = "$(TARGET_NAME)";
				SWIFT_VERSION = 3.0;
				TEST_TARGET_NAME = "Swift-Wing";
			};
			name = Release;
		};
/* End XCBuildConfiguration section */

/* Begin XCConfigurationList section */
		B326778E1E06EDE2000F1BE9 /* Build configuration list for PBXProject "Swift-Wing" */ = {
			isa = XCConfigurationList;
			buildConfigurations = (
				B32677B91E06EDE2000F1BE9 /* Debug */,
				B32677BA1E06EDE2000F1BE9 /* Release */,
			);
			defaultConfigurationIsVisible = 0;
			defaultConfigurationName = Release;
		};
		B32677BB1E06EDE2000F1BE9 /* Build configuration list for PBXNativeTarget "Swift-Wing" */ = {
			isa = XCConfigurationList;
			buildConfigurations = (
				B32677BC1E06EDE2000F1BE9 /* Debug */,
				B32677BD1E06EDE2000F1BE9 /* Release */,
			);
			defaultConfigurationIsVisible = 0;
			defaultConfigurationName = Release;
		};
		B32677BE1E06EDE2000F1BE9 /* Build configuration list for PBXNativeTarget "Swift-WingTests" */ = {
			isa = XCConfigurationList;
			buildConfigurations = (
				B32677BF1E06EDE2000F1BE9 /* Debug */,
				B32677C01E06EDE2000F1BE9 /* Release */,
			);
			defaultConfigurationIsVisible = 0;
			defaultConfigurationName = Release;
		};
		B32677C11E06EDE2000F1BE9 /* Build configuration list for PBXNativeTarget "Swift-WingUITests" */ = {
			isa = XCConfigurationList;
			buildConfigurations = (
				B32677C21E06EDE2000F1BE9 /* Debug */,
				B32677C31E06EDE2000F1BE9 /* Release */,
			);
			defaultConfigurationIsVisible = 0;
			defaultConfigurationName = Release;
		};
/* End XCConfigurationList section */
	};
	rootObject = B326778B1E06EDE2000F1BE9 /* Project object */;
}
